{
  "name": "services",
  "lockfileVersion": 3,
  "requires": true,
  "packages": {
    "": {
      "dependencies": {
        "sse-stream": "^0.0.5"
      }
    },
    "node_modules/sse-stream": {
      "version": "0.0.5",
      "resolved": "https://registry.npmjs.org/sse-stream/-/sse-stream-0.0.5.tgz",
      "integrity": "sha512-wPZMw7gz+YC+Ryr4Sa6toros3oimGr1uPWHynON41j/MgScoNCpiEroGA6rwy9Y6QeT/+X9jYRFJJYG0c28IZQ==",
      "dependencies": {
        "through": "~2.2.7"
      }
    },
    "node_modules/through": {
      "version": "2.2.7",
      "resolved": "https://registry.npmjs.org/through/-/through-2.2.7.tgz",
      "integrity": "sha512-JIR0m0ybkmTcR8URann+HbwKmodP+OE8UCbsifQDYMLD5J3em1Cdn3MYPpbEd5elGDwmP98T+WbqP/tvzA5Mjg=="
    }
  }
}
